speakeasyVersion: 1.761.0
sources:
    GBG GO Next Gen Flow Captain API:
        sourceNamespace: gbg-go-next-gen-flow-captain-api
        sourceRevisionDigest: sha256:789a7197f04bc20536eaf55c4e353999d906fbcc7c5e1e22b2f81b104fa9daac
        sourceBlobDigest: sha256:2a45e971d137d992c3e55c7dfc4337f3ed81acdd31c44bed134cdd36268030c9
        tags:
            - latest
            - 1.0.0
targets:
    go:
        source: GBG GO Next Gen Flow Captain API
        sourceNamespace: gbg-go-next-gen-flow-captain-api
        sourceRevisionDigest: sha256:789a7197f04bc20536eaf55c4e353999d906fbcc7c5e1e22b2f81b104fa9daac
        sourceBlobDigest: sha256:2a45e971d137d992c3e55c7dfc4337f3ed81acdd31c44bed134cdd36268030c9
        codeSamplesNamespace: gbg-go-next-gen-flow-captain-api-typescript-code-samples
        codeSamplesRevisionDigest: sha256:9165bf2d4f86f5a75059c4cec50c8d20b851e6dbfe65ef52865d86ae2521a524
workflow:
    workflowVersion: 1.0.0
    speakeasyVersion: latest
    sources:
        GBG GO Next Gen Flow Captain API:
            inputs:
                - location: ./.spec/spec.yaml
            overlays:
                - location: .speakeasy/speakeasy-modifications-overlay.yaml
            output: .speakeasy/out.openapi.yaml
            registry:
                location: registry.speakeasyapi.dev/gbg/go/gbg-go-next-gen-flow-captain-api
    targets:
        go:
            target: typescript
            source: GBG GO Next Gen Flow Captain API
            publish:
                npm:
                    token: $npm_token
            codeSamples:
                registry:
                    location: registry.speakeasyapi.dev/gbg/go/gbg-go-next-gen-flow-captain-api-typescript-code-samples
                labelOverride:
                    fixedValue: Typescript (SDK)
                blocking: false
