speakeasyVersion: 1.715.0
sources:
    GBG GO Next Gen Flow Captain API:
        sourceNamespace: gbg-go-next-gen-flow-captain-api
        sourceRevisionDigest: sha256:904d18029c48afde251ae21a6afe64caad27c105b7825c54c637c20139fb78b8
        sourceBlobDigest: sha256:39a826a4e78c292abd4178e0dbe12af95e2c35a35b04e69ea9a457a01b7f411b
        tags:
            - latest
            - speakeasy-sdk-regen-1770976802
            - 1.0.0
targets:
    go:
        source: GBG GO Next Gen Flow Captain API
        sourceNamespace: gbg-go-next-gen-flow-captain-api
        sourceRevisionDigest: sha256:904d18029c48afde251ae21a6afe64caad27c105b7825c54c637c20139fb78b8
        sourceBlobDigest: sha256:39a826a4e78c292abd4178e0dbe12af95e2c35a35b04e69ea9a457a01b7f411b
        codeSamplesNamespace: gbg-go-next-gen-flow-captain-api-typescript-code-samples
        codeSamplesRevisionDigest: sha256:967fb54e7499f7ef49ebcc9c4a169db81290e0ba75dc299f3bd054bb37bf396d
workflow:
    workflowVersion: 1.0.0
    speakeasyVersion: latest
    sources:
        GBG GO Next Gen Flow Captain API:
            inputs:
                - location: ./.spec/spec.yaml
            overlays:
                - location: .speakeasy/speakeasy-modifications-overlay.yaml
            output: .speakeasy/out.openapi.yaml
            registry:
                location: registry.speakeasyapi.dev/gbg/go/gbg-go-next-gen-flow-captain-api
    targets:
        go:
            target: typescript
            source: GBG GO Next Gen Flow Captain API
            publish:
                npm:
                    token: $npm_token
            codeSamples:
                registry:
                    location: registry.speakeasyapi.dev/gbg/go/gbg-go-next-gen-flow-captain-api-typescript-code-samples
                labelOverride:
                    fixedValue: Typescript (SDK)
                blocking: false
